
Microsoft Visual Studio Solution File, Format Version 12.00
# Visual Studio for Mac
Project("{FAE04EC0-301F-11D3-BF4B-00C04F79EFBC}") = "Assembly-CSharp-firstpass", "Assembly-CSharp-firstpass.csproj", "{16B551B4-FCB4-AFAE-9A26-D41147FC96F0}"
EndProject
Project("{FAE04EC0-301F-11D3-BF4B-00C04F79EFBC}") = "Assembly-CSharp", "Assembly-CSharp.csproj", "{A0F27BA8-7F0C-0539-8F5A-978C8076A2E0}"
EndProject
Project("{FAE04EC0-301F-11D3-BF4B-00C04F79EFBC}") = "Assembly-CSharp-Editor-firstpass", "Assembly-CSharp-Editor-firstpass.csproj", "{046F54DC-DBDA-C572-24D9-BD3114F7C69A}"
EndProject
Global
	GlobalSection(SolutionConfigurationPlatforms) = preSolution
		Debug|Any CPU = Debug|Any CPU
		Release|Any CPU = Release|Any CPU
	EndGlobalSection
	GlobalSection(ProjectConfigurationPlatforms) = postSolution
		{16B551B4-FCB4-AFAE-9A26-D41147FC96F0}.Debug|Any CPU.ActiveCfg = Debug|Any CPU
		{16B551B4-FCB4-AFAE-9A26-D41147FC96F0}.Debug|Any CPU.Build.0 = Debug|Any CPU
		{16B551B4-FCB4-AFAE-9A26-D41147FC96F0}.Release|Any CPU.ActiveCfg = Release|Any CPU
		{16B551B4-FCB4-AFAE-9A26-D41147FC96F0}.Release|Any CPU.Build.0 = Release|Any CPU
		{A0F27BA8-7F0C-0539-8F5A-978C8076A2E0}.Debug|Any CPU.ActiveCfg = Debug|Any CPU
		{A0F27BA8-7F0C-0539-8F5A-978C8076A2E0}.Debug|Any CPU.Build.0 = Debug|Any CPU
		{A0F27BA8-7F0C-0539-8F5A-978C8076A2E0}.Release|Any CPU.ActiveCfg = Release|Any CPU
		{A0F27BA8-7F0C-0539-8F5A-978C8076A2E0}.Release|Any CPU.Build.0 = Release|Any CPU
		{046F54DC-DBDA-C572-24D9-BD3114F7C69A}.Debug|Any CPU.ActiveCfg = Debug|Any CPU
		{046F54DC-DBDA-C572-24D9-BD3114F7C69A}.Debug|Any CPU.Build.0 = Debug|Any CPU
		{046F54DC-DBDA-C572-24D9-BD3114F7C69A}.Release|Any CPU.ActiveCfg = Release|Any CPU
		{046F54DC-DBDA-C572-24D9-BD3114F7C69A}.Release|Any CPU.Build.0 = Release|Any CPU
	EndGlobalSection
	GlobalSection(SolutionProperties) = preSolution
		HideSolutionNode = FALSE
	EndGlobalSection
EndGlobal
